
Microsoft Visual Studio Solution File, Format Version 12.00
# Visual Studio Version 17
VisualStudioVersion = 17.11.35125.118
MinimumVisualStudioVersion = 10.0.40219.1
Project("{FAE04EC0-301F-11D3-BF4B-00C04F79EFBC}") = "Docker-Ci-Di", "Docker-Ci-Di\Docker-Ci-Di.csproj", "{8A424550-A4FC-4648-905D-EA66E62CE806}"
EndProject
Global
	GlobalSection(SolutionConfigurationPlatforms) = preSolution
		Debug|Any CPU = Debug|Any CPU
		Release|Any CPU = Release|Any CPU
	EndGlobalSection
	GlobalSection(ProjectConfigurationPlatforms) = postSolution
		{8A424550-A4FC-4648-905D-EA66E62CE806}.Debug|Any CPU.ActiveCfg = Debug|Any CPU
		{8A424550-A4FC-4648-905D-EA66E62CE806}.Debug|Any CPU.Build.0 = Debug|Any CPU
		{8A424550-A4FC-4648-905D-EA66E62CE806}.Release|Any CPU.ActiveCfg = Release|Any CPU
		{8A424550-A4FC-4648-905D-EA66E62CE806}.Release|Any CPU.Build.0 = Release|Any CPU
	EndGlobalSection
	GlobalSection(SolutionProperties) = preSolution
		HideSolutionNode = FALSE
	EndGlobalSection
	GlobalSection(ExtensibilityGlobals) = postSolution
		SolutionGuid = {47C615D1-9289-41F6-B98D-1495B9CCD421}
	EndGlobalSection
EndGlobal
